
Microsoft Visual Studio Solution File, Format Version 12.00
# Visual Studio Version 16
VisualStudioVersion = 16.0.31729.503
MinimumVisualStudioVersion = 10.0.40219.1
Project("{FAE04EC0-301F-11D3-BF4B-00C04F79EFBC}") = "DesejosWebAPI", "DesejosWebAPI.csproj", "{926828F1-215F-4012-BC70-A19A78DA222A}"
EndProject
Global
	GlobalSection(SolutionConfigurationPlatforms) = preSolution
		Debug|Any CPU = Debug|Any CPU
		Release|Any CPU = Release|Any CPU
	EndGlobalSection
	GlobalSection(ProjectConfigurationPlatforms) = postSolution
		{926828F1-215F-4012-BC70-A19A78DA222A}.Debug|Any CPU.ActiveCfg = Debug|Any CPU
		{926828F1-215F-4012-BC70-A19A78DA222A}.Debug|Any CPU.Build.0 = Debug|Any CPU
		{926828F1-215F-4012-BC70-A19A78DA222A}.Release|Any CPU.ActiveCfg = Release|Any CPU
		{926828F1-215F-4012-BC70-A19A78DA222A}.Release|Any CPU.Build.0 = Release|Any CPU
	EndGlobalSection
	GlobalSection(SolutionProperties) = preSolution
		HideSolutionNode = FALSE
	EndGlobalSection
	GlobalSection(ExtensibilityGlobals) = postSolution
		SolutionGuid = {0F3812C9-EB54-43CE-9BCD-7028A443FCFB}
	EndGlobalSection
EndGlobal
